
Microsoft Visual Studio Solution File, Format Version 12.00
# Visual Studio Version 16
VisualStudioVersion = 16.0.31019.35
MinimumVisualStudioVersion = 10.0.40219.1
Project("{9A19103F-16F7-4668-BE54-9A1E7A4F7556}") = "Telegram.Server", "Telegram.Server\Telegram.Server.csproj", "{3EC5AA56-2B00-43A3-8AC8-08CB03DB040B}"
EndProject
Project("{FAE04EC0-301F-11D3-BF4B-00C04F79EFBC}") = "Telegram.Client", "Telegram.Client\Telegram.Client.csproj", "{60C01C81-B299-4636-89ED-9D63BA029FCA}"
EndProject
Global
	GlobalSection(SolutionConfigurationPlatforms) = preSolution
		Debug|Any CPU = Debug|Any CPU
		Release|Any CPU = Release|Any CPU
	EndGlobalSection
	GlobalSection(ProjectConfigurationPlatforms) = postSolution
		{3EC5AA56-2B00-43A3-8AC8-08CB03DB040B}.Debug|Any CPU.ActiveCfg = Debug|Any CPU
		{3EC5AA56-2B00-43A3-8AC8-08CB03DB040B}.Debug|Any CPU.Build.0 = Debug|Any CPU
		{3EC5AA56-2B00-43A3-8AC8-08CB03DB040B}.Release|Any CPU.ActiveCfg = Release|Any CPU
		{3EC5AA56-2B00-43A3-8AC8-08CB03DB040B}.Release|Any CPU.Build.0 = Release|Any CPU
		{60C01C81-B299-4636-89ED-9D63BA029FCA}.Debug|Any CPU.ActiveCfg = Debug|Any CPU
		{60C01C81-B299-4636-89ED-9D63BA029FCA}.Debug|Any CPU.Build.0 = Debug|Any CPU
		{60C01C81-B299-4636-89ED-9D63BA029FCA}.Release|Any CPU.ActiveCfg = Release|Any CPU
		{60C01C81-B299-4636-89ED-9D63BA029FCA}.Release|Any CPU.Build.0 = Release|Any CPU
	EndGlobalSection
	GlobalSection(SolutionProperties) = preSolution
		HideSolutionNode = FALSE
	EndGlobalSection
	GlobalSection(ExtensibilityGlobals) = postSolution
		SolutionGuid = {0D6CC438-1C14-4375-8F54-E02A2B9361CF}
	EndGlobalSection
EndGlobal
